
Microsoft Visual Studio Solution File, Format Version 12.00
# Visual Studio Version 16
VisualStudioVersion = 16.0.30320.27
MinimumVisualStudioVersion = 10.0.40219.1
Project("{9A19103F-16F7-4668-BE54-9A1E7A4F7556}") = "Employee_API", "Employee_API\Employee_API.csproj", "{3361A3DA-44CC-4CD5-B777-26742CFB63DC}"
EndProject
Project("{9A19103F-16F7-4668-BE54-9A1E7A4F7556}") = "Employee_UI", "Employee_UI\Employee_UI.csproj", "{BFFA4C5C-E3D4-4ECC-ADA9-9B16B42FA812}"
EndProject
Global
	GlobalSection(SolutionConfigurationPlatforms) = preSolution
		Debug|Any CPU = Debug|Any CPU
		Release|Any CPU = Release|Any CPU
	EndGlobalSection
	GlobalSection(ProjectConfigurationPlatforms) = postSolution
		{3361A3DA-44CC-4CD5-B777-26742CFB63DC}.Debug|Any CPU.ActiveCfg = Debug|Any CPU
		{3361A3DA-44CC-4CD5-B777-26742CFB63DC}.Debug|Any CPU.Build.0 = Debug|Any CPU
		{3361A3DA-44CC-4CD5-B777-26742CFB63DC}.Release|Any CPU.ActiveCfg = Release|Any CPU
		{3361A3DA-44CC-4CD5-B777-26742CFB63DC}.Release|Any CPU.Build.0 = Release|Any CPU
		{BFFA4C5C-E3D4-4ECC-ADA9-9B16B42FA812}.Debug|Any CPU.ActiveCfg = Debug|Any CPU
		{BFFA4C5C-E3D4-4ECC-ADA9-9B16B42FA812}.Debug|Any CPU.Build.0 = Debug|Any CPU
		{BFFA4C5C-E3D4-4ECC-ADA9-9B16B42FA812}.Release|Any CPU.ActiveCfg = Release|Any CPU
		{BFFA4C5C-E3D4-4ECC-ADA9-9B16B42FA812}.Release|Any CPU.Build.0 = Release|Any CPU
	EndGlobalSection
	GlobalSection(SolutionProperties) = preSolution
		HideSolutionNode = FALSE
	EndGlobalSection
	GlobalSection(ExtensibilityGlobals) = postSolution
		SolutionGuid = {B4990F48-976F-4FDF-AFAB-913CD9AB3656}
	EndGlobalSection
EndGlobal
